// !$*UTF8*$!
{
	archiveVersion = 1;
	classes = {
	};
	objectVersion = 50;
	objects = {

/* Begin PBXBuildFile section */
		35A9281D210F64A6000519EC /* AppDelegate.swift in Sources */ = {isa = PBXBuildFile; fileRef = 35A9281C210F64A6000519EC /* AppDelegate.swift */; };
		35A92822210F64A6000519EC /* Main.storyboard in Resources */ = {isa = PBXBuildFile; fileRef = 35A92820210F64A6000519EC /* Main.storyboard */; };
		35A92824210F64A8000519EC /* Assets.xcassets in Resources */ = {isa = PBXBuildFile; fileRef = 35A92823210F64A8000519EC /* Assets.xcassets */; };
		35A92827210F64A8000519EC /* LaunchScreen.storyboard in Resources */ = {isa = PBXBuildFile; fileRef = 35A92825210F64A8000519EC /* LaunchScreen.storyboard */; };
		35AB4014211132570021EE28 /* MVPModel.swift in Sources */ = {isa = PBXBuildFile; fileRef = 35AB4013211132570021EE28 /* MVPModel.swift */; };
		35AB401621114C330021EE28 /* FeatureViewController.swift in Sources */ = {isa = PBXBuildFile; fileRef = 35AB401521114C330021EE28 /* FeatureViewController.swift */; };
		35BCC6D82111719D00098114 /* TransitionMode.swift in Sources */ = {isa = PBXBuildFile; fileRef = 35BCC6D72111719D00098114 /* TransitionMode.swift */; };
		35BCC6DB211172A900098114 /* BubbleTransition.swift in Sources */ = {isa = PBXBuildFile; fileRef = 35BCC6DA211172A900098114 /* BubbleTransition.swift */; };
		35C1D3D72110AB0800F76C32 /* MVPCollectionViewController.swift in Sources */ = {isa = PBXBuildFile; fileRef = 35C1D3D62110AB0800F76C32 /* MVPCollectionViewController.swift */; };
		35C1D3DA2110AD4F00F76C32 /* MVPCollectionViewCell.swift in Sources */ = {isa = PBXBuildFile; fileRef = 35C1D3D82110AD4F00F76C32 /* MVPCollectionViewCell.swift */; };
		35C1D3DB2110AD4F00F76C32 /* MVPCollectionViewCell.xib in Resources */ = {isa = PBXBuildFile; fileRef = 35C1D3D92110AD4F00F76C32 /* MVPCollectionViewCell.xib */; };
/* End PBXBuildFile section */

/* Begin PBXFileReference section */
		35A92819210F64A6000519EC /* Mobile Catalogue.app */ = {isa = PBXFileReference; explicitFileType = wrapper.application; includeInIndex = 0; path = "Mobile Catalogue.app"; sourceTree = BUILT_PRODUCTS_DIR; };
		35A9281C210F64A6000519EC /* AppDelegate.swift */ = {isa = PBXFileReference; lastKnownFileType = sourcecode.swift; path = AppDelegate.swift; sourceTree = "<group>"; };
		35A92821210F64A6000519EC /* Base */ = {isa = PBXFileReference; lastKnownFileType = file.storyboard; name = Base; path = Base.lproj/Main.storyboard; sourceTree = "<group>"; };
		35A92823210F64A8000519EC /* Assets.xcassets */ = {isa = PBXFileReference; lastKnownFileType = folder.assetcatalog; path = Assets.xcassets; sourceTree = "<group>"; };
		35A92826210F64A8000519EC /* Base */ = {isa = PBXFileReference; lastKnownFileType = file.storyboard; name = Base; path = Base.lproj/LaunchScreen.storyboard; sourceTree = "<group>"; };
		35A92828210F64A8000519EC /* Info.plist */ = {isa = PBXFileReference; lastKnownFileType = text.plist.xml; path = Info.plist; sourceTree = "<group>"; };
		35AB4013211132570021EE28 /* MVPModel.swift */ = {isa = PBXFileReference; lastKnownFileType = sourcecode.swift; path = MVPModel.swift; sourceTree = "<group>"; };
		35AB401521114C330021EE28 /* FeatureViewController.swift */ = {isa = PBXFileReference; lastKnownFileType = sourcecode.swift; path = FeatureViewController.swift; sourceTree = "<group>"; };
		35BCC6D72111719D00098114 /* TransitionMode.swift */ = {isa = PBXFileReference; lastKnownFileType = sourcecode.swift; path = TransitionMode.swift; sourceTree = "<group>"; };
		35BCC6DA211172A900098114 /* BubbleTransition.swift */ = {isa = PBXFileReference; lastKnownFileType = sourcecode.swift; path = BubbleTransition.swift; sourceTree = "<group>"; };
		35C1D3D62110AB0800F76C32 /* MVPCollectionViewController.swift */ = {isa = PBXFileReference; lastKnownFileType = sourcecode.swift; path = MVPCollectionViewController.swift; sourceTree = "<group>"; };
		35C1D3D82110AD4F00F76C32 /* MVPCollectionViewCell.swift */ = {isa = PBXFileReference; lastKnownFileType = sourcecode.swift; path = MVPCollectionViewCell.swift; sourceTree = "<group>"; };
		35C1D3D92110AD4F00F76C32 /* MVPCollectionViewCell.xib */ = {isa = PBXFileReference; lastKnownFileType = file.xib; path = MVPCollectionViewCell.xib; sourceTree = "<group>"; };
/* End PBXFileReference section */

/* Begin PBXFrameworksBuildPhase section */
		35A92816210F64A6000519EC /* Frameworks */ = {
			isa = PBXFrameworksBuildPhase;
			buildActionMask = 2147483647;
			files = (
			);
			runOnlyForDeploymentPostprocessing = 0;
		};
/* End PBXFrameworksBuildPhase section */

/* Begin PBXGroup section */
		35A92810210F64A6000519EC = {
			isa = PBXGroup;
			children = (
				35A9281B210F64A6000519EC /* Mobile Catalogue */,
				35A9281A210F64A6000519EC /* Products */,
			);
			sourceTree = "<group>";
		};
		35A9281A210F64A6000519EC /* Products */ = {
			isa = PBXGroup;
			children = (
				35A92819210F64A6000519EC /* Mobile Catalogue.app */,
			);
			name = Products;
			sourceTree = "<group>";
		};
		35A9281B210F64A6000519EC /* Mobile Catalogue */ = {
			isa = PBXGroup;
			children = (
				35AB4012211132400021EE28 /* Model */,
				35A9281C210F64A6000519EC /* AppDelegate.swift */,
				35A9282F210F64D9000519EC /* Controllers */,
				35A9282E210F64C9000519EC /* Views */,
				35A92830210F64F3000519EC /* Support Files */,
				35A92828210F64A8000519EC /* Info.plist */,
			);
			path = "Mobile Catalogue";
			sourceTree = "<group>";
		};
		35A9282E210F64C9000519EC /* Views */ = {
			isa = PBXGroup;
			children = (
				35A92820210F64A6000519EC /* Main.storyboard */,
				35C1D3DC2110AD5700F76C32 /* Custom Cell */,
				35BCC6D9211171A400098114 /* Bubble Animation */,
			);
			path = Views;
			sourceTree = "<group>";
		};
		35A9282F210F64D9000519EC /* Controllers */ = {
			isa = PBXGroup;
			children = (
				35C1D3D62110AB0800F76C32 /* MVPCollectionViewController.swift */,
				35AB401521114C330021EE28 /* FeatureViewController.swift */,
			);
			path = Controllers;
			sourceTree = "<group>";
		};
		35A92830210F64F3000519EC /* Support Files */ = {
			isa = PBXGroup;
			children = (
				35A92823210F64A8000519EC /* Assets.xcassets */,
				35A92825210F64A8000519EC /* LaunchScreen.storyboard */,
			);
			path = "Support Files";
			sourceTree = "<group>";
		};
		35AB4012211132400021EE28 /* Model */ = {
			isa = PBXGroup;
			children = (
				35AB4013211132570021EE28 /* MVPModel.swift */,
			);
			path = Model;
			sourceTree = "<group>";
		};
		35BCC6D9211171A400098114 /* Bubble Animation */ = {
			isa = PBXGroup;
			children = (
				35BCC6D72111719D00098114 /* TransitionMode.swift */,
				35BCC6DA211172A900098114 /* BubbleTransition.swift */,
			);
			path = "Bubble Animation";
			sourceTree = "<group>";
		};
		35C1D3DC2110AD5700F76C32 /* Custom Cell */ = {
			isa = PBXGroup;
			children = (
				35C1D3D82110AD4F00F76C32 /* MVPCollectionViewCell.swift */,
				35C1D3D92110AD4F00F76C32 /* MVPCollectionViewCell.xib */,
			);
			path = "Custom Cell";
			sourceTree = "<group>";
		};
/* End PBXGroup section */

/* Begin PBXNativeTarget section */
		35A92818210F64A6000519EC /* Mobile Catalogue */ = {
			isa = PBXNativeTarget;
			buildConfigurationList = 35A9282B210F64A8000519EC /* Build configuration list for PBXNativeTarget "Mobile Catalogue" */;
			buildPhases = (
				35A92815210F64A6000519EC /* Sources */,
				35A92816210F64A6000519EC /* Frameworks */,
				35A92817210F64A6000519EC /* Resources */,
			);
			buildRules = (
			);
			dependencies = (
			);
			name = "Mobile Catalogue";
			productName = "Mobile Catalogue";
			productReference = 35A92819210F64A6000519EC /* Mobile Catalogue.app */;
			productType = "com.apple.product-type.application";
		};
/* End PBXNativeTarget section */

/* Begin PBXProject section */
		35A92811210F64A6000519EC /* Project object */ = {
			isa = PBXProject;
			attributes = {
				LastSwiftUpdateCheck = 0940;
				LastUpgradeCheck = 0940;
				ORGANIZATIONNAME = "Praveen Ojha";
				TargetAttributes = {
					35A92818210F64A6000519EC = {
						CreatedOnToolsVersion = 9.4.1;
					};
				};
			};
			buildConfigurationList = 35A92814210F64A6000519EC /* Build configuration list for PBXProject "Mobile Catalogue" */;
			compatibilityVersion = "Xcode 9.3";
			developmentRegion = en;
			hasScannedForEncodings = 0;
			knownRegions = (
				en,
				Base,
			);
			mainGroup = 35A92810210F64A6000519EC;
			productRefGroup = 35A9281A210F64A6000519EC /* Products */;
			projectDirPath = "";
			projectRoot = "";
			targets = (
				35A92818210F64A6000519EC /* Mobile Catalogue */,
			);
		};
/* End PBXProject section */

/* Begin PBXResourcesBuildPhase section */
		35A92817210F64A6000519EC /* Resources */ = {
			isa = PBXResourcesBuildPhase;
			buildActionMask = 2147483647;
			files = (
				35C1D3DB2110AD4F00F76C32 /* MVPCollectionViewCell.xib in Resources */,
				35A92827210F64A8000519EC /* LaunchScreen.storyboard in Resources */,
				35A92824210F64A8000519EC /* Assets.xcassets in Resources */,
				35A92822210F64A6000519EC /* Main.storyboard in Resources */,
			);
			runOnlyForDeploymentPostprocessing = 0;
		};
/* End PBXResourcesBuildPhase section */

/* Begin PBXSourcesBuildPhase section */
		35A92815210F64A6000519EC /* Sources */ = {
			isa = PBXSourcesBuildPhase;
			buildActionMask = 2147483647;
			files = (
				35C1D3D72110AB0800F76C32 /* MVPCollectionViewController.swift in Sources */,
				35AB4014211132570021EE28 /* MVPModel.swift in Sources */,
				35AB401621114C330021EE28 /* FeatureViewController.swift in Sources */,
				35BCC6D82111719D00098114 /* TransitionMode.swift in Sources */,
				35BCC6DB211172A900098114 /* BubbleTransition.swift in Sources */,
				35C1D3DA2110AD4F00F76C32 /* MVPCollectionViewCell.swift in Sources */,
				35A9281D210F64A6000519EC /* AppDelegate.swift in Sources */,
			);
			runOnlyForDeploymentPostprocessing = 0;
		};
/* End PBXSourcesBuildPhase section */

/* Begin PBXVariantGroup section */
		35A92820210F64A6000519EC /* Main.storyboard */ = {
			isa = PBXVariantGroup;
			children = (
				35A92821210F64A6000519EC /* Base */,
			);
			name = Main.storyboard;
			sourceTree = "<group>";
		};
		35A92825210F64A8000519EC /* LaunchScreen.storyboard */ = {
			isa = PBXVariantGroup;
			children = (
				35A92826210F64A8000519EC /* Base */,
			);
			name = LaunchScreen.storyboard;
			sourceTree = "<group>";
		};
/* End PBXVariantGroup section */

/* Begin XCBuildConfiguration section */
		35A92829210F64A8000519EC /* Debug */ = {
			isa = XCBuildConfiguration;
			buildSettings = {
				ALWAYS_SEARCH_USER_PATHS = NO;
				CLANG_ANALYZER_NONNULL = YES;
				CLANG_ANALYZER_NUMBER_OBJECT_CONVERSION = YES_AGGRESSIVE;
				CLANG_CXX_LANGUAGE_STANDARD = "gnu++14";
				CLANG_CXX_LIBRARY = "libc++";
				CLANG_ENABLE_MODULES = YES;
				CLANG_ENABLE_OBJC_ARC = YES;
				CLANG_ENABLE_OBJC_WEAK = YES;
				CLANG_WARN_BLOCK_CAPTURE_AUTORELEASING = YES;
				CLANG_WARN_BOOL_CONVERSION = YES;
				CLANG_WARN_COMMA = YES;
				CLANG_WARN_CONSTANT_CONVERSION = YES;
				CLANG_WARN_DEPRECATED_OBJC_IMPLEMENTATIONS = YES;
				CLANG_WARN_DIRECT_OBJC_ISA_USAGE = YES_ERROR;
				CLANG_WARN_DOCUMENTATION_COMMENTS = YES;
				CLANG_WARN_EMPTY_BODY = YES;
				CLANG_WARN_ENUM_CONVERSION = YES;
				CLANG_WARN_INFINITE_RECURSION = YES;
				CLANG_WARN_INT_CONVERSION = YES;
				CLANG_WARN_NON_LITERAL_NULL_CONVERSION = YES;
				CLANG_WARN_OBJC_IMPLICIT_RETAIN_SELF = YES;
				CLANG_WARN_OBJC_LITERAL_CONVERSION = YES;
				CLANG_WARN_OBJC_ROOT_CLASS = YES_ERROR;
				CLANG_WARN_RANGE_LOOP_ANALYSIS = YES;
				CLANG_WARN_STRICT_PROTOTYPES = YES;
				CLANG_WARN_SUSPICIOUS_MOVE = YES;
				CLANG_WARN_UNGUARDED_AVAILABILITY = YES_AGGRESSIVE;
				CLANG_WARN_UNREACHABLE_CODE = YES;
				CLANG_WARN__DUPLICATE_METHOD_MATCH = YES;
				CODE_SIGN_IDENTITY = "iPhone Developer";
				COPY_PHASE_STRIP = NO;
				DEBUG_INFORMATION_FORMAT = dwarf;
				ENABLE_STRICT_OBJC_MSGSEND = YES;
				ENABLE_TESTABILITY = YES;
				GCC_C_LANGUAGE_STANDARD = gnu11;
				GCC_DYNAMIC_NO_PIC = NO;
				GCC_NO_COMMON_BLOCKS = YES;
				GCC_OPTIMIZATION_LEVEL = 0;
				GCC_PREPROCESSOR_DEFINITIONS = (
					"DEBUG=1",
					"$(inherited)",
				);
				GCC_WARN_64_TO_32_BIT_CONVERSION = YES;
				GCC_WARN_ABOUT_RETURN_TYPE = YES_ERROR;
				GCC_WARN_UNDECLARED_SELECTOR = YES;
				GCC_WARN_UNINITIALIZED_AUTOS = YES_AGGRESSIVE;
				GCC_WARN_UNUSED_FUNCTION = YES;
				GCC_WARN_UNUSED_VARIABLE = YES;
				IPHONEOS_DEPLOYMENT_TARGET = 11.4;
				MTL_ENABLE_DEBUG_INFO = YES;
				ONLY_ACTIVE_ARCH = YES;
				SDKROOT = iphoneos;
				SWIFT_ACTIVE_COMPILATION_CONDITIONS = DEBUG;
				SWIFT_OPTIMIZATION_LEVEL = "-Onone";
			};
			name = Debug;
		};
		35A9282A210F64A8000519EC /* Release */ = {
			isa = XCBuildConfiguration;
			buildSettings = {
				ALWAYS_SEARCH_USER_PATHS = NO;
				CLANG_ANALYZER_NONNULL = YES;
				CLANG_ANALYZER_NUMBER_OBJECT_CONVERSION = YES_AGGRESSIVE;
				CLANG_CXX_LANGUAGE_STANDARD = "gnu++14";
				CLANG_CXX_LIBRARY = "libc++";
				CLANG_ENABLE_MODULES = YES;
				CLANG_ENABLE_OBJC_ARC = YES;
				CLANG_ENABLE_OBJC_WEAK = YES;
				CLANG_WARN_BLOCK_CAPTURE_AUTORELEASING = YES;
				CLANG_WARN_BOOL_CONVERSION = YES;
				CLANG_WARN_COMMA = YES;
				CLANG_WARN_CONSTANT_CONVERSION = YES;
				CLANG_WARN_DEPRECATED_OBJC_IMPLEMENTATIONS = YES;
				CLANG_WARN_DIRECT_OBJC_ISA_USAGE = YES_ERROR;
				CLANG_WARN_DOCUMENTATION_COMMENTS = YES;
				CLANG_WARN_EMPTY_BODY = YES;
				CLANG_WARN_ENUM_CONVERSION = YES;
				CLANG_WARN_INFINITE_RECURSION = YES;
				CLANG_WARN_INT_CONVERSION = YES;
				CLANG_WARN_NON_LITERAL_NULL_CONVERSION = YES;
				CLANG_WARN_OBJC_IMPLICIT_RETAIN_SELF = YES;
				CLANG_WARN_OBJC_LITERAL_CONVERSION = YES;
				CLANG_WARN_OBJC_ROOT_CLASS = YES_ERROR;
				CLANG_WARN_RANGE_LOOP_ANALYSIS = YES;
				CLANG_WARN_STRICT_PROTOTYPES = YES;
				CLANG_WARN_SUSPICIOUS_MOVE = YES;
				CLANG_WARN_UNGUARDED_AVAILABILITY = YES_AGGRESSIVE;
				CLANG_WARN_UNREACHABLE_CODE = YES;
				CLANG_WARN__DUPLICATE_METHOD_MATCH = YES;
				CODE_SIGN_IDENTITY = "iPhone Developer";
				COPY_PHASE_STRIP = NO;
				DEBUG_INFORMATION_FORMAT = "dwarf-with-dsym";
				ENABLE_NS_ASSERTIONS = NO;
				ENABLE_STRICT_OBJC_MSGSEND = YES;
				GCC_C_LANGUAGE_STANDARD = gnu11;
				GCC_NO_COMMON_BLOCKS = YES;
				GCC_WARN_64_TO_32_BIT_CONVERSION = YES;
				GCC_WARN_ABOUT_RETURN_TYPE = YES_ERROR;
				GCC_WARN_UNDECLARED_SELECTOR = YES;
				GCC_WARN_UNINITIALIZED_AUTOS = YES_AGGRESSIVE;
				GCC_WARN_UNUSED_FUNCTION = YES;
				GCC_WARN_UNUSED_VARIABLE = YES;
				IPHONEOS_DEPLOYMENT_TARGET = 11.4;
				MTL_ENABLE_DEBUG_INFO = NO;
				SDKROOT = iphoneos;
				SWIFT_COMPILATION_MODE = wholemodule;
				SWIFT_OPTIMIZATION_LEVEL = "-O";
				VALIDATE_PRODUCT = YES;
			};
			name = Release;
		};
		35A9282C210F64A8000519EC /* Debug */ = {
			isa = XCBuildConfiguration;
			buildSettings = {
				ASSETCATALOG_COMPILER_APPICON_NAME = AppIcon;
				CODE_SIGN_STYLE = Automatic;
				DEVELOPMENT_TEAM = 5PGDS7HL5Q;
				INFOPLIST_FILE = "Mobile Catalogue/Info.plist";
				LD_RUNPATH_SEARCH_PATHS = (
					"$(inherited)",
					"@executable_path/Frameworks",
				);
				PRODUCT_BUNDLE_IDENTIFIER = "com.praveenojha.Mobile-Catalogue";
				PRODUCT_NAME = "$(TARGET_NAME)";
				SWIFT_VERSION = 4.0;
				TARGETED_DEVICE_FAMILY = 1;
			};
			name = Debug;
		};
		35A9282D210F64A8000519EC /* Release */ = {
			isa = XCBuildConfiguration;
			buildSettings = {
				ASSETCATALOG_COMPILER_APPICON_NAME = AppIcon;
				CODE_SIGN_STYLE = Automatic;
				DEVELOPMENT_TEAM = 5PGDS7HL5Q;
				INFOPLIST_FILE = "Mobile Catalogue/Info.plist";
				LD_RUNPATH_SEARCH_PATHS = (
					"$(inherited)",
					"@executable_path/Frameworks",
				);
				PRODUCT_BUNDLE_IDENTIFIER = "com.praveenojha.Mobile-Catalogue";
				PRODUCT_NAME = "$(TARGET_NAME)";
				SWIFT_VERSION = 4.0;
				TARGETED_DEVICE_FAMILY = 1;
			};
			name = Release;
		};
/* End XCBuildConfiguration section */

/* Begin XCConfigurationList section */
		35A92814210F64A6000519EC /* Build configuration list for PBXProject "Mobile Catalogue" */ = {
			isa = XCConfigurationList;
			buildConfigurations = (
				35A92829210F64A8000519EC /* Debug */,
				35A9282A210F64A8000519EC /* Release */,
			);
			defaultConfigurationIsVisible = 0;
			defaultConfigurationName = Release;
		};
		35A9282B210F64A8000519EC /* Build configuration list for PBXNativeTarget "Mobile Catalogue" */ = {
			isa = XCConfigurationList;
			buildConfigurations = (
				35A9282C210F64A8000519EC /* Debug */,
				35A9282D210F64A8000519EC /* Release */,
			);
			defaultConfigurationIsVisible = 0;
			defaultConfigurationName = Release;
		};
/* End XCConfigurationList section */
	};
	rootObject = 35A92811210F64A6000519EC /* Project object */;
}
